
Microsoft Visual Studio Solution File, Format Version 12.00
# Visual Studio Version 16
VisualStudioVersion = 16.0.29926.136
MinimumVisualStudioVersion = 10.0.40219.1
Project("{FAE04EC0-301F-11D3-BF4B-00C04F79EFBC}") = "CSharpPractice", "CSharpPractice\CSharpPractice.csproj", "{5A04096E-7238-4342-B176-5F23EC3EA89C}"
EndProject
Global
	GlobalSection(SolutionConfigurationPlatforms) = preSolution
		Debug|Any CPU = Debug|Any CPU
		Release|Any CPU = Release|Any CPU
	EndGlobalSection
	GlobalSection(ProjectConfigurationPlatforms) = postSolution
		{5A04096E-7238-4342-B176-5F23EC3EA89C}.Debug|Any CPU.ActiveCfg = Debug|Any CPU
		{5A04096E-7238-4342-B176-5F23EC3EA89C}.Debug|Any CPU.Build.0 = Debug|Any CPU
		{5A04096E-7238-4342-B176-5F23EC3EA89C}.Release|Any CPU.ActiveCfg = Release|Any CPU
		{5A04096E-7238-4342-B176-5F23EC3EA89C}.Release|Any CPU.Build.0 = Release|Any CPU
	EndGlobalSection
	GlobalSection(SolutionProperties) = preSolution
		HideSolutionNode = FALSE
	EndGlobalSection
	GlobalSection(ExtensibilityGlobals) = postSolution
		SolutionGuid = {CC17A8A0-0DFD-46A0-A839-519EF131C0D9}
	EndGlobalSection
EndGlobal
